// !$*UTF8*$!
{
	archiveVersion = 1;
	classes = {
	};
	objectVersion = 50;
	objects = {

/* Begin PBXBuildFile section */
		2D21C653224174EC00A045E5 /* AppDelegate.swift in Sources */ = {isa = PBXBuildFile; fileRef = 2D21C652224174EC00A045E5 /* AppDelegate.swift */; };
		2D21C655224174EC00A045E5 /* ViewController.swift in Sources */ = {isa = PBXBuildFile; fileRef = 2D21C654224174EC00A045E5 /* ViewController.swift */; };
		2D21C658224174EC00A045E5 /* Main.storyboard in Resources */ = {isa = PBXBuildFile; fileRef = 2D21C656224174EC00A045E5 /* Main.storyboard */; };
		2D21C65A224174EE00A045E5 /* Assets.xcassets in Resources */ = {isa = PBXBuildFile; fileRef = 2D21C659224174EE00A045E5 /* Assets.xcassets */; };
		2D21C65D224174EE00A045E5 /* LaunchScreen.storyboard in Resources */ = {isa = PBXBuildFile; fileRef = 2D21C65B224174EE00A045E5 /* LaunchScreen.storyboard */; };
		2D21C668224174EE00A045E5 /* pizzaEvalTests.swift in Sources */ = {isa = PBXBuildFile; fileRef = 2D21C667224174EE00A045E5 /* pizzaEvalTests.swift */; };
		2D21C673224174EE00A045E5 /* pizzaEvalUITests.swift in Sources */ = {isa = PBXBuildFile; fileRef = 2D21C672224174EE00A045E5 /* pizzaEvalUITests.swift */; };
/* End PBXBuildFile section */

/* Begin PBXContainerItemProxy section */
		2D21C664224174EE00A045E5 /* PBXContainerItemProxy */ = {
			isa = PBXContainerItemProxy;
			containerPortal = 2D21C647224174EC00A045E5 /* Project object */;
			proxyType = 1;
			remoteGlobalIDString = 2D21C64E224174EC00A045E5;
			remoteInfo = pizzaEval;
		};
		2D21C66F224174EE00A045E5 /* PBXContainerItemProxy */ = {
			isa = PBXContainerItemProxy;
			containerPortal = 2D21C647224174EC00A045E5 /* Project object */;
			proxyType = 1;
			remoteGlobalIDString = 2D21C64E224174EC00A045E5;
			remoteInfo = pizzaEval;
		};
/* End PBXContainerItemProxy section */

/* Begin PBXFileReference section */
		2D21C64F224174EC00A045E5 /* pizzaEval.app */ = {isa = PBXFileReference; explicitFileType = wrapper.application; includeInIndex = 0; path = pizzaEval.app; sourceTree = BUILT_PRODUCTS_DIR; };
		2D21C652224174EC00A045E5 /* AppDelegate.swift */ = {isa = PBXFileReference; lastKnownFileType = sourcecode.swift; path = AppDelegate.swift; sourceTree = "<group>"; };
		2D21C654224174EC00A045E5 /* ViewController.swift */ = {isa = PBXFileReference; lastKnownFileType = sourcecode.swift; path = ViewController.swift; sourceTree = "<group>"; };
		2D21C657224174EC00A045E5 /* Base */ = {isa = PBXFileReference; lastKnownFileType = file.storyboard; name = Base; path = Base.lproj/Main.storyboard; sourceTree = "<group>"; };
		2D21C659224174EE00A045E5 /* Assets.xcassets */ = {isa = PBXFileReference; lastKnownFileType = folder.assetcatalog; path = Assets.xcassets; sourceTree = "<group>"; };
		2D21C65C224174EE00A045E5 /* Base */ = {isa = PBXFileReference; lastKnownFileType = file.storyboard; name = Base; path = Base.lproj/LaunchScreen.storyboard; sourceTree = "<group>"; };
		2D21C65E224174EE00A045E5 /* Info.plist */ = {isa = PBXFileReference; lastKnownFileType = text.plist.xml; path = Info.plist; sourceTree = "<group>"; };
		2D21C663224174EE00A045E5 /* pizzaEvalTests.xctest */ = {isa = PBXFileReference; explicitFileType = wrapper.cfbundle; includeInIndex = 0; path = pizzaEvalTests.xctest; sourceTree = BUILT_PRODUCTS_DIR; };
		2D21C667224174EE00A045E5 /* pizzaEvalTests.swift */ = {isa = PBXFileReference; lastKnownFileType = sourcecode.swift; path = pizzaEvalTests.swift; sourceTree = "<group>"; };
		2D21C669224174EE00A045E5 /* Info.plist */ = {isa = PBXFileReference; lastKnownFileType = text.plist.xml; path = Info.plist; sourceTree = "<group>"; };
		2D21C66E224174EE00A045E5 /* pizzaEvalUITests.xctest */ = {isa = PBXFileReference; explicitFileType = wrapper.cfbundle; includeInIndex = 0; path = pizzaEvalUITests.xctest; sourceTree = BUILT_PRODUCTS_DIR; };
		2D21C672224174EE00A045E5 /* pizzaEvalUITests.swift */ = {isa = PBXFileReference; lastKnownFileType = sourcecode.swift; path = pizzaEvalUITests.swift; sourceTree = "<group>"; };
		2D21C674224174EE00A045E5 /* Info.plist */ = {isa = PBXFileReference; lastKnownFileType = text.plist.xml; path = Info.plist; sourceTree = "<group>"; };
/* End PBXFileReference section */

/* Begin PBXFrameworksBuildPhase section */
		2D21C64C224174EC00A045E5 /* Frameworks */ = {
			isa = PBXFrameworksBuildPhase;
			buildActionMask = 2147483647;
			files = (
			);
			runOnlyForDeploymentPostprocessing = 0;
		};
		2D21C660224174EE00A045E5 /* Frameworks */ = {
			isa = PBXFrameworksBuildPhase;
			buildActionMask = 2147483647;
			files = (
			);
			runOnlyForDeploymentPostprocessing = 0;
		};
		2D21C66B224174EE00A045E5 /* Frameworks */ = {
			isa = PBXFrameworksBuildPhase;
			buildActionMask = 2147483647;
			files = (
			);
			runOnlyForDeploymentPostprocessing = 0;
		};
/* End PBXFrameworksBuildPhase section */

/* Begin PBXGroup section */
		2D21C646224174EC00A045E5 = {
			isa = PBXGroup;
			children = (
				2D21C651224174EC00A045E5 /* pizzaEval */,
				2D21C666224174EE00A045E5 /* pizzaEvalTests */,
				2D21C671224174EE00A045E5 /* pizzaEvalUITests */,
				2D21C650224174EC00A045E5 /* Products */,
			);
			sourceTree = "<group>";
		};
		2D21C650224174EC00A045E5 /* Products */ = {
			isa = PBXGroup;
			children = (
				2D21C64F224174EC00A045E5 /* pizzaEval.app */,
				2D21C663224174EE00A045E5 /* pizzaEvalTests.xctest */,
				2D21C66E224174EE00A045E5 /* pizzaEvalUITests.xctest */,
			);
			name = Products;
			sourceTree = "<group>";
		};
		2D21C651224174EC00A045E5 /* pizzaEval */ = {
			isa = PBXGroup;
			children = (
				2D21C652224174EC00A045E5 /* AppDelegate.swift */,
				2D21C654224174EC00A045E5 /* ViewController.swift */,
				2D21C656224174EC00A045E5 /* Main.storyboard */,
				2D21C659224174EE00A045E5 /* Assets.xcassets */,
				2D21C65B224174EE00A045E5 /* LaunchScreen.storyboard */,
				2D21C65E224174EE00A045E5 /* Info.plist */,
			);
			path = pizzaEval;
			sourceTree = "<group>";
		};
		2D21C666224174EE00A045E5 /* pizzaEvalTests */ = {
			isa = PBXGroup;
			children = (
				2D21C667224174EE00A045E5 /* pizzaEvalTests.swift */,
				2D21C669224174EE00A045E5 /* Info.plist */,
			);
			path = pizzaEvalTests;
			sourceTree = "<group>";
		};
		2D21C671224174EE00A045E5 /* pizzaEvalUITests */ = {
			isa = PBXGroup;
			children = (
				2D21C672224174EE00A045E5 /* pizzaEvalUITests.swift */,
				2D21C674224174EE00A045E5 /* Info.plist */,
			);
			path = pizzaEvalUITests;
			sourceTree = "<group>";
		};
/* End PBXGroup section */

/* Begin PBXNativeTarget section */
		2D21C64E224174EC00A045E5 /* pizzaEval */ = {
			isa = PBXNativeTarget;
			buildConfigurationList = 2D21C677224174EE00A045E5 /* Build configuration list for PBXNativeTarget "pizzaEval" */;
			buildPhases = (
				2D21C64B224174EC00A045E5 /* Sources */,
				2D21C64C224174EC00A045E5 /* Frameworks */,
				2D21C64D224174EC00A045E5 /* Resources */,
			);
			buildRules = (
			);
			dependencies = (
			);
			name = pizzaEval;
			productName = pizzaEval;
			productReference = 2D21C64F224174EC00A045E5 /* pizzaEval.app */;
			productType = "com.apple.product-type.application";
		};
		2D21C662224174EE00A045E5 /* pizzaEvalTests */ = {
			isa = PBXNativeTarget;
			buildConfigurationList = 2D21C67A224174EE00A045E5 /* Build configuration list for PBXNativeTarget "pizzaEvalTests" */;
			buildPhases = (
				2D21C65F224174EE00A045E5 /* Sources */,
				2D21C660224174EE00A045E5 /* Frameworks */,
				2D21C661224174EE00A045E5 /* Resources */,
			);
			buildRules = (
			);
			dependencies = (
				2D21C665224174EE00A045E5 /* PBXTargetDependency */,
			);
			name = pizzaEvalTests;
			productName = pizzaEvalTests;
			productReference = 2D21C663224174EE00A045E5 /* pizzaEvalTests.xctest */;
			productType = "com.apple.product-type.bundle.unit-test";
		};
		2D21C66D224174EE00A045E5 /* pizzaEvalUITests */ = {
			isa = PBXNativeTarget;
			buildConfigurationList = 2D21C67D224174EE00A045E5 /* Build configuration list for PBXNativeTarget "pizzaEvalUITests" */;
			buildPhases = (
				2D21C66A224174EE00A045E5 /* Sources */,
				2D21C66B224174EE00A045E5 /* Frameworks */,
				2D21C66C224174EE00A045E5 /* Resources */,
			);
			buildRules = (
			);
			dependencies = (
				2D21C670224174EE00A045E5 /* PBXTargetDependency */,
			);
			name = pizzaEvalUITests;
			productName = pizzaEvalUITests;
			productReference = 2D21C66E224174EE00A045E5 /* pizzaEvalUITests.xctest */;
			productType = "com.apple.product-type.bundle.ui-testing";
		};
/* End PBXNativeTarget section */

/* Begin PBXProject section */
		2D21C647224174EC00A045E5 /* Project object */ = {
			isa = PBXProject;
			attributes = {
				LastSwiftUpdateCheck = 1010;
				LastUpgradeCheck = 1010;
				ORGANIZATIONNAME = "stéphanie lainé";
				TargetAttributes = {
					2D21C64E224174EC00A045E5 = {
						CreatedOnToolsVersion = 10.1;
					};
					2D21C662224174EE00A045E5 = {
						CreatedOnToolsVersion = 10.1;
						TestTargetID = 2D21C64E224174EC00A045E5;
					};
					2D21C66D224174EE00A045E5 = {
						CreatedOnToolsVersion = 10.1;
						TestTargetID = 2D21C64E224174EC00A045E5;
					};
				};
			};
			buildConfigurationList = 2D21C64A224174EC00A045E5 /* Build configuration list for PBXProject "pizzaEval" */;
			compatibilityVersion = "Xcode 9.3";
			developmentRegion = en;
			hasScannedForEncodings = 0;
			knownRegions = (
				en,
				Base,
			);
			mainGroup = 2D21C646224174EC00A045E5;
			productRefGroup = 2D21C650224174EC00A045E5 /* Products */;
			projectDirPath = "";
			projectRoot = "";
			targets = (
				2D21C64E224174EC00A045E5 /* pizzaEval */,
				2D21C662224174EE00A045E5 /* pizzaEvalTests */,
				2D21C66D224174EE00A045E5 /* pizzaEvalUITests */,
			);
		};
/* End PBXProject section */

/* Begin PBXResourcesBuildPhase section */
		2D21C64D224174EC00A045E5 /* Resources */ = {
			isa = PBXResourcesBuildPhase;
			buildActionMask = 2147483647;
			files = (
				2D21C65D224174EE00A045E5 /* LaunchScreen.storyboard in Resources */,
				2D21C65A224174EE00A045E5 /* Assets.xcassets in Resources */,
				2D21C658224174EC00A045E5 /* Main.storyboard in Resources */,
			);
			runOnlyForDeploymentPostprocessing = 0;
		};
		2D21C661224174EE00A045E5 /* Resources */ = {
			isa = PBXResourcesBuildPhase;
			buildActionMask = 2147483647;
			files = (
			);
			runOnlyForDeploymentPostprocessing = 0;
		};
		2D21C66C224174EE00A045E5 /* Resources */ = {
			isa = PBXResourcesBuildPhase;
			buildActionMask = 2147483647;
			files = (
			);
			runOnlyForDeploymentPostprocessing = 0;
		};
/* End PBXResourcesBuildPhase section */

/* Begin PBXSourcesBuildPhase section */
		2D21C64B224174EC00A045E5 /* Sources */ = {
			isa = PBXSourcesBuildPhase;
			buildActionMask = 2147483647;
			files = (
				2D21C655224174EC00A045E5 /* ViewController.swift in Sources */,
				2D21C653224174EC00A045E5 /* AppDelegate.swift in Sources */,
			);
			runOnlyForDeploymentPostprocessing = 0;
		};
		2D21C65F224174EE00A045E5 /* Sources */ = {
			isa = PBXSourcesBuildPhase;
			buildActionMask = 2147483647;
			files = (
				2D21C668224174EE00A045E5 /* pizzaEvalTests.swift in Sources */,
			);
			runOnlyForDeploymentPostprocessing = 0;
		};
		2D21C66A224174EE00A045E5 /* Sources */ = {
			isa = PBXSourcesBuildPhase;
			buildActionMask = 2147483647;
			files = (
				2D21C673224174EE00A045E5 /* pizzaEvalUITests.swift in Sources */,
			);
			runOnlyForDeploymentPostprocessing = 0;
		};
/* End PBXSourcesBuildPhase section */

/* Begin PBXTargetDependency section */
		2D21C665224174EE00A045E5 /* PBXTargetDependency */ = {
			isa = PBXTargetDependency;
			target = 2D21C64E224174EC00A045E5 /* pizzaEval */;
			targetProxy = 2D21C664224174EE00A045E5 /* PBXContainerItemProxy */;
		};
		2D21C670224174EE00A045E5 /* PBXTargetDependency */ = {
			isa = PBXTargetDependency;
			target = 2D21C64E224174EC00A045E5 /* pizzaEval */;
			targetProxy = 2D21C66F224174EE00A045E5 /* PBXContainerItemProxy */;
		};
/* End PBXTargetDependency section */

/* Begin PBXVariantGroup section */
		2D21C656224174EC00A045E5 /* Main.storyboard */ = {
			isa = PBXVariantGroup;
			children = (
				2D21C657224174EC00A045E5 /* Base */,
			);
			name = Main.storyboard;
			sourceTree = "<group>";
		};
		2D21C65B224174EE00A045E5 /* LaunchScreen.storyboard */ = {
			isa = PBXVariantGroup;
			children = (
				2D21C65C224174EE00A045E5 /* Base */,
			);
			name = LaunchScreen.storyboard;
			sourceTree = "<group>";
		};
/* End PBXVariantGroup section */

/* Begin XCBuildConfiguration section */
		2D21C675224174EE00A045E5 /* Debug */ = {
			isa = XCBuildConfiguration;
			buildSettings = {
				ALWAYS_SEARCH_USER_PATHS = NO;
				CLANG_ANALYZER_NONNULL = YES;
				CLANG_ANALYZER_NUMBER_OBJECT_CONVERSION = YES_AGGRESSIVE;
				CLANG_CXX_LANGUAGE_STANDARD = "gnu++14";
				CLANG_CXX_LIBRARY = "libc++";
				CLANG_ENABLE_MODULES = YES;
				CLANG_ENABLE_OBJC_ARC = YES;
				CLANG_ENABLE_OBJC_WEAK = YES;
				CLANG_WARN_BLOCK_CAPTURE_AUTORELEASING = YES;
				CLANG_WARN_BOOL_CONVERSION = YES;
				CLANG_WARN_COMMA = YES;
				CLANG_WARN_CONSTANT_CONVERSION = YES;
				CLANG_WARN_DEPRECATED_OBJC_IMPLEMENTATIONS = YES;
				CLANG_WARN_DIRECT_OBJC_ISA_USAGE = YES_ERROR;
				CLANG_WARN_DOCUMENTATION_COMMENTS = YES;
				CLANG_WARN_EMPTY_BODY = YES;
				CLANG_WARN_ENUM_CONVERSION = YES;
				CLANG_WARN_INFINITE_RECURSION = YES;
				CLANG_WARN_INT_CONVERSION = YES;
				CLANG_WARN_NON_LITERAL_NULL_CONVERSION = YES;
				CLANG_WARN_OBJC_IMPLICIT_RETAIN_SELF = YES;
				CLANG_WARN_OBJC_LITERAL_CONVERSION = YES;
				CLANG_WARN_OBJC_ROOT_CLASS = YES_ERROR;
				CLANG_WARN_RANGE_LOOP_ANALYSIS = YES;
				CLANG_WARN_STRICT_PROTOTYPES = YES;
				CLANG_WARN_SUSPICIOUS_MOVE = YES;
				CLANG_WARN_UNGUARDED_AVAILABILITY = YES_AGGRESSIVE;
				CLANG_WARN_UNREACHABLE_CODE = YES;
				CLANG_WARN__DUPLICATE_METHOD_MATCH = YES;
				CODE_SIGN_IDENTITY = "iPhone Developer";
				COPY_PHASE_STRIP = NO;
				DEBUG_INFORMATION_FORMAT = dwarf;
				ENABLE_STRICT_OBJC_MSGSEND = YES;
				ENABLE_TESTABILITY = YES;
				GCC_C_LANGUAGE_STANDARD = gnu11;
				GCC_DYNAMIC_NO_PIC = NO;
				GCC_NO_COMMON_BLOCKS = YES;
				GCC_OPTIMIZATION_LEVEL = 0;
				GCC_PREPROCESSOR_DEFINITIONS = (
					"DEBUG=1",
					"$(inherited)",
				);
				GCC_WARN_64_TO_32_BIT_CONVERSION = YES;
				GCC_WARN_ABOUT_RETURN_TYPE = YES_ERROR;
				GCC_WARN_UNDECLARED_SELECTOR = YES;
				GCC_WARN_UNINITIALIZED_AUTOS = YES_AGGRESSIVE;
				GCC_WARN_UNUSED_FUNCTION = YES;
				GCC_WARN_UNUSED_VARIABLE = YES;
				IPHONEOS_DEPLOYMENT_TARGET = 12.1;
				MTL_ENABLE_DEBUG_INFO = INCLUDE_SOURCE;
				MTL_FAST_MATH = YES;
				ONLY_ACTIVE_ARCH = YES;
				SDKROOT = iphoneos;
				SWIFT_ACTIVE_COMPILATION_CONDITIONS = DEBUG;
				SWIFT_OPTIMIZATION_LEVEL = "-Onone";
			};
			name = Debug;
		};
		2D21C676224174EE00A045E5 /* Release */ = {
			isa = XCBuildConfiguration;
			buildSettings = {
				ALWAYS_SEARCH_USER_PATHS = NO;
				CLANG_ANALYZER_NONNULL = YES;
				CLANG_ANALYZER_NUMBER_OBJECT_CONVERSION = YES_AGGRESSIVE;
				CLANG_CXX_LANGUAGE_STANDARD = "gnu++14";
				CLANG_CXX_LIBRARY = "libc++";
				CLANG_ENABLE_MODULES = YES;
				CLANG_ENABLE_OBJC_ARC = YES;
				CLANG_ENABLE_OBJC_WEAK = YES;
				CLANG_WARN_BLOCK_CAPTURE_AUTORELEASING = YES;
				CLANG_WARN_BOOL_CONVERSION = YES;
				CLANG_WARN_COMMA = YES;
				CLANG_WARN_CONSTANT_CONVERSION = YES;
				CLANG_WARN_DEPRECATED_OBJC_IMPLEMENTATIONS = YES;
				CLANG_WARN_DIRECT_OBJC_ISA_USAGE = YES_ERROR;
				CLANG_WARN_DOCUMENTATION_COMMENTS = YES;
				CLANG_WARN_EMPTY_BODY = YES;
				CLANG_WARN_ENUM_CONVERSION = YES;
				CLANG_WARN_INFINITE_RECURSION = YES;
				CLANG_WARN_INT_CONVERSION = YES;
				CLANG_WARN_NON_LITERAL_NULL_CONVERSION = YES;
				CLANG_WARN_OBJC_IMPLICIT_RETAIN_SELF = YES;
				CLANG_WARN_OBJC_LITERAL_CONVERSION = YES;
				CLANG_WARN_OBJC_ROOT_CLASS = YES_ERROR;
				CLANG_WARN_RANGE_LOOP_ANALYSIS = YES;
				CLANG_WARN_STRICT_PROTOTYPES = YES;
				CLANG_WARN_SUSPICIOUS_MOVE = YES;
				CLANG_WARN_UNGUARDED_AVAILABILITY = YES_AGGRESSIVE;
				CLANG_WARN_UNREACHABLE_CODE = YES;
				CLANG_WARN__DUPLICATE_METHOD_MATCH = YES;
				CODE_SIGN_IDENTITY = "iPhone Developer";
				COPY_PHASE_STRIP = NO;
				DEBUG_INFORMATION_FORMAT = "dwarf-with-dsym";
				ENABLE_NS_ASSERTIONS = NO;
				ENABLE_STRICT_OBJC_MSGSEND = YES;
				GCC_C_LANGUAGE_STANDARD = gnu11;
				GCC_NO_COMMON_BLOCKS = YES;
				GCC_WARN_64_TO_32_BIT_CONVERSION = YES;
				GCC_WARN_ABOUT_RETURN_TYPE = YES_ERROR;
				GCC_WARN_UNDECLARED_SELECTOR = YES;
				GCC_WARN_UNINITIALIZED_AUTOS = YES_AGGRESSIVE;
				GCC_WARN_UNUSED_FUNCTION = YES;
				GCC_WARN_UNUSED_VARIABLE = YES;
				IPHONEOS_DEPLOYMENT_TARGET = 12.1;
				MTL_ENABLE_DEBUG_INFO = NO;
				MTL_FAST_MATH = YES;
				SDKROOT = iphoneos;
				SWIFT_COMPILATION_MODE = wholemodule;
				SWIFT_OPTIMIZATION_LEVEL = "-O";
				VALIDATE_PRODUCT = YES;
			};
			name = Release;
		};
		2D21C678224174EE00A045E5 /* Debug */ = {
			isa = XCBuildConfiguration;
			buildSettings = {
				ASSETCATALOG_COMPILER_APPICON_NAME = AppIcon;
				CODE_SIGN_STYLE = Automatic;
				DEVELOPMENT_TEAM = S6426HF3M6;
				INFOPLIST_FILE = pizzaEval/Info.plist;
				LD_RUNPATH_SEARCH_PATHS = (
					"$(inherited)",
					"@executable_path/Frameworks",
				);
				PRODUCT_BUNDLE_IDENTIFIER = com.exo.pizzaEval;
				PRODUCT_NAME = "$(TARGET_NAME)";
				SWIFT_VERSION = 4.2;
				TARGETED_DEVICE_FAMILY = "1,2";
			};
			name = Debug;
		};
		2D21C679224174EE00A045E5 /* Release */ = {
			isa = XCBuildConfiguration;
			buildSettings = {
				ASSETCATALOG_COMPILER_APPICON_NAME = AppIcon;
				CODE_SIGN_STYLE = Automatic;
				DEVELOPMENT_TEAM = S6426HF3M6;
				INFOPLIST_FILE = pizzaEval/Info.plist;
				LD_RUNPATH_SEARCH_PATHS = (
					"$(inherited)",
					"@executable_path/Frameworks",
				);
				PRODUCT_BUNDLE_IDENTIFIER = com.exo.pizzaEval;
				PRODUCT_NAME = "$(TARGET_NAME)";
				SWIFT_VERSION = 4.2;
				TARGETED_DEVICE_FAMILY = "1,2";
			};
			name = Release;
		};
		2D21C67B224174EE00A045E5 /* Debug */ = {
			isa = XCBuildConfiguration;
			buildSettings = {
				ALWAYS_EMBED_SWIFT_STANDARD_LIBRARIES = YES;
				BUNDLE_LOADER = "$(TEST_HOST)";
				CODE_SIGN_STYLE = Automatic;
				DEVELOPMENT_TEAM = S6426HF3M6;
				INFOPLIST_FILE = pizzaEvalTests/Info.plist;
				LD_RUNPATH_SEARCH_PATHS = (
					"$(inherited)",
					"@executable_path/Frameworks",
					"@loader_path/Frameworks",
				);
				PRODUCT_BUNDLE_IDENTIFIER = com.exo.pizzaEvalTests;
				PRODUCT_NAME = "$(TARGET_NAME)";
				SWIFT_VERSION = 4.2;
				TARGETED_DEVICE_FAMILY = "1,2";
				TEST_HOST = "$(BUILT_PRODUCTS_DIR)/pizzaEval.app/pizzaEval";
			};
			name = Debug;
		};
		2D21C67C224174EE00A045E5 /* Release */ = {
			isa = XCBuildConfiguration;
			buildSettings = {
				ALWAYS_EMBED_SWIFT_STANDARD_LIBRARIES = YES;
				BUNDLE_LOADER = "$(TEST_HOST)";
				CODE_SIGN_STYLE = Automatic;
				DEVELOPMENT_TEAM = S6426HF3M6;
				INFOPLIST_FILE = pizzaEvalTests/Info.plist;
				LD_RUNPATH_SEARCH_PATHS = (
					"$(inherited)",
					"@executable_path/Frameworks",
					"@loader_path/Frameworks",
				);
				PRODUCT_BUNDLE_IDENTIFIER = com.exo.pizzaEvalTests;
				PRODUCT_NAME = "$(TARGET_NAME)";
				SWIFT_VERSION = 4.2;
				TARGETED_DEVICE_FAMILY = "1,2";
				TEST_HOST = "$(BUILT_PRODUCTS_DIR)/pizzaEval.app/pizzaEval";
			};
			name = Release;
		};
		2D21C67E224174EE00A045E5 /* Debug */ = {
			isa = XCBuildConfiguration;
			buildSettings = {
				ALWAYS_EMBED_SWIFT_STANDARD_LIBRARIES = YES;
				CODE_SIGN_STYLE = Automatic;
				DEVELOPMENT_TEAM = S6426HF3M6;
				INFOPLIST_FILE = pizzaEvalUITests/Info.plist;
				LD_RUNPATH_SEARCH_PATHS = (
					"$(inherited)",
					"@executable_path/Frameworks",
					"@loader_path/Frameworks",
				);
				PRODUCT_BUNDLE_IDENTIFIER = com.exo.pizzaEvalUITests;
				PRODUCT_NAME = "$(TARGET_NAME)";
				SWIFT_VERSION = 4.2;
				TARGETED_DEVICE_FAMILY = "1,2";
				TEST_TARGET_NAME = pizzaEval;
			};
			name = Debug;
		};
		2D21C67F224174EE00A045E5 /* Release */ = {
			isa = XCBuildConfiguration;
			buildSettings = {
				ALWAYS_EMBED_SWIFT_STANDARD_LIBRARIES = YES;
				CODE_SIGN_STYLE = Automatic;
				DEVELOPMENT_TEAM = S6426HF3M6;
				INFOPLIST_FILE = pizzaEvalUITests/Info.plist;
				LD_RUNPATH_SEARCH_PATHS = (
					"$(inherited)",
					"@executable_path/Frameworks",
					"@loader_path/Frameworks",
				);
				PRODUCT_BUNDLE_IDENTIFIER = com.exo.pizzaEvalUITests;
				PRODUCT_NAME = "$(TARGET_NAME)";
				SWIFT_VERSION = 4.2;
				TARGETED_DEVICE_FAMILY = "1,2";
				TEST_TARGET_NAME = pizzaEval;
			};
			name = Release;
		};
/* End XCBuildConfiguration section */

/* Begin XCConfigurationList section */
		2D21C64A224174EC00A045E5 /* Build configuration list for PBXProject "pizzaEval" */ = {
			isa = XCConfigurationList;
			buildConfigurations = (
				2D21C675224174EE00A045E5 /* Debug */,
				2D21C676224174EE00A045E5 /* Release */,
			);
			defaultConfigurationIsVisible = 0;
			defaultConfigurationName = Release;
		};
		2D21C677224174EE00A045E5 /* Build configuration list for PBXNativeTarget "pizzaEval" */ = {
			isa = XCConfigurationList;
			buildConfigurations = (
				2D21C678224174EE00A045E5 /* Debug */,
				2D21C679224174EE00A045E5 /* Release */,
			);
			defaultConfigurationIsVisible = 0;
			defaultConfigurationName = Release;
		};
		2D21C67A224174EE00A045E5 /* Build configuration list for PBXNativeTarget "pizzaEvalTests" */ = {
			isa = XCConfigurationList;
			buildConfigurations = (
				2D21C67B224174EE00A045E5 /* Debug */,
				2D21C67C224174EE00A045E5 /* Release */,
			);
			defaultConfigurationIsVisible = 0;
			defaultConfigurationName = Release;
		};
		2D21C67D224174EE00A045E5 /* Build configuration list for PBXNativeTarget "pizzaEvalUITests" */ = {
			isa = XCConfigurationList;
			buildConfigurations = (
				2D21C67E224174EE00A045E5 /* Debug */,
				2D21C67F224174EE00A045E5 /* Release */,
			);
			defaultConfigurationIsVisible = 0;
			defaultConfigurationName = Release;
		};
/* End XCConfigurationList section */
	};
	rootObject = 2D21C647224174EC00A045E5 /* Project object */;
}
